
Microsoft Visual Studio Solution File, Format Version 12.00
# Visual Studio Version 16
VisualStudioVersion = 16.0.30717.126
MinimumVisualStudioVersion = 10.0.40219.1
Project("{FAE04EC0-301F-11D3-BF4B-00C04F79EFBC}") = "AgencijaZaNekretnine", "AgencijaZaNekretnine\AgencijaZaNekretnine.csproj", "{FFA4BE31-9813-4B5B-8461-83B872596774}"
EndProject
Global
	GlobalSection(SolutionConfigurationPlatforms) = preSolution
		Debug|Any CPU = Debug|Any CPU
		Release|Any CPU = Release|Any CPU
	EndGlobalSection
	GlobalSection(ProjectConfigurationPlatforms) = postSolution
		{FFA4BE31-9813-4B5B-8461-83B872596774}.Debug|Any CPU.ActiveCfg = Debug|Any CPU
		{FFA4BE31-9813-4B5B-8461-83B872596774}.Debug|Any CPU.Build.0 = Debug|Any CPU
		{FFA4BE31-9813-4B5B-8461-83B872596774}.Release|Any CPU.ActiveCfg = Release|Any CPU
		{FFA4BE31-9813-4B5B-8461-83B872596774}.Release|Any CPU.Build.0 = Release|Any CPU
	EndGlobalSection
	GlobalSection(SolutionProperties) = preSolution
		HideSolutionNode = FALSE
	EndGlobalSection
	GlobalSection(ExtensibilityGlobals) = postSolution
		SolutionGuid = {1748CCB0-AD3B-4DA3-9069-787B511C8851}
	EndGlobalSection
EndGlobal
